
Microsoft Visual Studio Solution File, Format Version 12.00
# Visual Studio Version 18
VisualStudioVersion = 18.3.11520.95
MinimumVisualStudioVersion = 10.0.40219.1
Project("{FAE04EC0-301F-11D3-BF4B-00C04F79EFBC}") = "Julian Client", "Julian Client\Julian Client.csproj", "{1B2E7DFB-DD8B-428E-8167-FD67F041B432}"
EndProject
Project("{FAE04EC0-301F-11D3-BF4B-00C04F79EFBC}") = "Julian", "Julian\Julian.csproj", "{8885232C-D67E-4BE9-9702-DCC0907E9A15}"
EndProject
Project("{FAE04EC0-301F-11D3-BF4B-00C04F79EFBC}") = "Julian Server", "Julian Server\Julian Server.csproj", "{E268B3A0-C012-4861-9B1E-B88DFB66025B}"
EndProject
Project("{FAE04EC0-301F-11D3-BF4B-00C04F79EFBC}") = "JulianProduce", "JulianProduce\JulianProduce.csproj", "{A6924D36-CF7B-4CFF-BC46-341A22EBDF4A}"
EndProject
Project("{FAE04EC0-301F-11D3-BF4B-00C04F79EFBC}") = "SMTT", "SMTT\SMTT.csproj", "{4A14D620-FF96-4E94-9CA5-DB3E70CD2CE4}"
EndProject
Project("{FAE04EC0-301F-11D3-BF4B-00C04F79EFBC}") = "TyXuan", "TyXuan\TyXuan.csproj", "{1317A491-FFBA-485A-A528-AE804B723212}"
EndProject
Project("{FAE04EC0-301F-11D3-BF4B-00C04F79EFBC}") = "KhoHang", "KhoHang\KhoHang.csproj", "{E753D12D-5192-4740-8488-D3E0ED5EDEB4}"
EndProject
Project("{FAE04EC0-301F-11D3-BF4B-00C04F79EFBC}") = "NhapDon", "NhapDon\NhapDon.csproj", "{41BC0171-787B-4888-93FF-13E0AB9B09F6}"
EndProject
Project("{FAE04EC0-301F-11D3-BF4B-00C04F79EFBC}") = "PrinterHSV", "PrinterHSV\PrinterHSV.csproj", "{BF72DC47-7987-49D9-AB58-E351B39BD84B}"
EndProject
Project("{FAE04EC0-301F-11D3-BF4B-00C04F79EFBC}") = "AutoBackup", "AutoBackup\AutoBackup.csproj", "{D7CAA949-8475-479E-9679-F06E2FD1C255}"
EndProject
Project("{FAE04EC0-301F-11D3-BF4B-00C04F79EFBC}") = "ThuDamBao_LHG", "ThuDamBao_LHG\ThuDamBao_LHG.csproj", "{7FA09A7E-98AD-4E4E-9C97-CEF0652203F3}"
EndProject
Project("{FAE04EC0-301F-11D3-BF4B-00C04F79EFBC}") = "ThuDamBao_TX", "ThuDamBao_TX\ThuDamBao_TX.csproj", "{54629188-BD68-4525-875A-1D79C9404936}"
EndProject
Project("{FAE04EC0-301F-11D3-BF4B-00C04F79EFBC}") = "OrderForm", "OrderForm\OrderForm.csproj", "{C2695A6C-2EFB-4B25-B443-2A344147ACE7}"
EndProject
Project("{FAE04EC0-301F-11D3-BF4B-00C04F79EFBC}") = "SHC", "SHC\SHC.csproj", "{4DA5C89B-D3A0-4757-AA7E-602545BF9C5C}"
EndProject
Global
	GlobalSection(SolutionConfigurationPlatforms) = preSolution
		Debug|Any CPU = Debug|Any CPU
		Debug|x64 = Debug|x64
		Release|Any CPU = Release|Any CPU
		Release|x64 = Release|x64
	EndGlobalSection
	GlobalSection(ProjectConfigurationPlatforms) = postSolution
		{1B2E7DFB-DD8B-428E-8167-FD67F041B432}.Debug|Any CPU.ActiveCfg = Debug|Any CPU
		{1B2E7DFB-DD8B-428E-8167-FD67F041B432}.Debug|Any CPU.Build.0 = Debug|Any CPU
		{1B2E7DFB-DD8B-428E-8167-FD67F041B432}.Debug|x64.ActiveCfg = Debug|Any CPU
		{1B2E7DFB-DD8B-428E-8167-FD67F041B432}.Debug|x64.Build.0 = Debug|Any CPU
		{1B2E7DFB-DD8B-428E-8167-FD67F041B432}.Release|Any CPU.ActiveCfg = Release|Any CPU
		{1B2E7DFB-DD8B-428E-8167-FD67F041B432}.Release|Any CPU.Build.0 = Release|Any CPU
		{1B2E7DFB-DD8B-428E-8167-FD67F041B432}.Release|x64.ActiveCfg = Release|Any CPU
		{1B2E7DFB-DD8B-428E-8167-FD67F041B432}.Release|x64.Build.0 = Release|Any CPU
		{8885232C-D67E-4BE9-9702-DCC0907E9A15}.Debug|Any CPU.ActiveCfg = Debug|Any CPU
		{8885232C-D67E-4BE9-9702-DCC0907E9A15}.Debug|Any CPU.Build.0 = Debug|Any CPU
		{8885232C-D67E-4BE9-9702-DCC0907E9A15}.Debug|x64.ActiveCfg = Debug|Any CPU
		{8885232C-D67E-4BE9-9702-DCC0907E9A15}.Debug|x64.Build.0 = Debug|Any CPU
		{8885232C-D67E-4BE9-9702-DCC0907E9A15}.Release|Any CPU.ActiveCfg = Release|Any CPU
		{8885232C-D67E-4BE9-9702-DCC0907E9A15}.Release|Any CPU.Build.0 = Release|Any CPU
		{8885232C-D67E-4BE9-9702-DCC0907E9A15}.Release|x64.ActiveCfg = Release|Any CPU
		{8885232C-D67E-4BE9-9702-DCC0907E9A15}.Release|x64.Build.0 = Release|Any CPU
		{E268B3A0-C012-4861-9B1E-B88DFB66025B}.Debug|Any CPU.ActiveCfg = Debug|Any CPU
		{E268B3A0-C012-4861-9B1E-B88DFB66025B}.Debug|Any CPU.Build.0 = Debug|Any CPU
		{E268B3A0-C012-4861-9B1E-B88DFB66025B}.Debug|x64.ActiveCfg = Debug|Any CPU
		{E268B3A0-C012-4861-9B1E-B88DFB66025B}.Debug|x64.Build.0 = Debug|Any CPU
		{E268B3A0-C012-4861-9B1E-B88DFB66025B}.Release|Any CPU.ActiveCfg = Release|Any CPU
		{E268B3A0-C012-4861-9B1E-B88DFB66025B}.Release|Any CPU.Build.0 = Release|Any CPU
		{E268B3A0-C012-4861-9B1E-B88DFB66025B}.Release|x64.ActiveCfg = Release|Any CPU
		{E268B3A0-C012-4861-9B1E-B88DFB66025B}.Release|x64.Build.0 = Release|Any CPU
		{A6924D36-CF7B-4CFF-BC46-341A22EBDF4A}.Debug|Any CPU.ActiveCfg = Debug|Any CPU
		{A6924D36-CF7B-4CFF-BC46-341A22EBDF4A}.Debug|Any CPU.Build.0 = Debug|Any CPU
		{A6924D36-CF7B-4CFF-BC46-341A22EBDF4A}.Debug|x64.ActiveCfg = Debug|Any CPU
		{A6924D36-CF7B-4CFF-BC46-341A22EBDF4A}.Debug|x64.Build.0 = Debug|Any CPU
		{A6924D36-CF7B-4CFF-BC46-341A22EBDF4A}.Release|Any CPU.ActiveCfg = Release|Any CPU
		{A6924D36-CF7B-4CFF-BC46-341A22EBDF4A}.Release|Any CPU.Build.0 = Release|Any CPU
		{A6924D36-CF7B-4CFF-BC46-341A22EBDF4A}.Release|x64.ActiveCfg = Release|Any CPU
		{A6924D36-CF7B-4CFF-BC46-341A22EBDF4A}.Release|x64.Build.0 = Release|Any CPU
		{4A14D620-FF96-4E94-9CA5-DB3E70CD2CE4}.Debug|Any CPU.ActiveCfg = Debug|Any CPU
		{4A14D620-FF96-4E94-9CA5-DB3E70CD2CE4}.Debug|Any CPU.Build.0 = Debug|Any CPU
		{4A14D620-FF96-4E94-9CA5-DB3E70CD2CE4}.Debug|x64.ActiveCfg = Debug|Any CPU
		{4A14D620-FF96-4E94-9CA5-DB3E70CD2CE4}.Debug|x64.Build.0 = Debug|Any CPU
		{4A14D620-FF96-4E94-9CA5-DB3E70CD2CE4}.Release|Any CPU.ActiveCfg = Release|Any CPU
		{4A14D620-FF96-4E94-9CA5-DB3E70CD2CE4}.Release|Any CPU.Build.0 = Release|Any CPU
		{4A14D620-FF96-4E94-9CA5-DB3E70CD2CE4}.Release|x64.ActiveCfg = Release|Any CPU
		{4A14D620-FF96-4E94-9CA5-DB3E70CD2CE4}.Release|x64.Build.0 = Release|Any CPU
		{1317A491-FFBA-485A-A528-AE804B723212}.Debug|Any CPU.ActiveCfg = Debug|Any CPU
		{1317A491-FFBA-485A-A528-AE804B723212}.Debug|Any CPU.Build.0 = Debug|Any CPU
		{1317A491-FFBA-485A-A528-AE804B723212}.Debug|x64.ActiveCfg = Debug|Any CPU
		{1317A491-FFBA-485A-A528-AE804B723212}.Debug|x64.Build.0 = Debug|Any CPU
		{1317A491-FFBA-485A-A528-AE804B723212}.Release|Any CPU.ActiveCfg = Release|Any CPU
		{1317A491-FFBA-485A-A528-AE804B723212}.Release|Any CPU.Build.0 = Release|Any CPU
		{1317A491-FFBA-485A-A528-AE804B723212}.Release|x64.ActiveCfg = Release|Any CPU
		{1317A491-FFBA-485A-A528-AE804B723212}.Release|x64.Build.0 = Release|Any CPU
		{E753D12D-5192-4740-8488-D3E0ED5EDEB4}.Debug|Any CPU.ActiveCfg = Debug|Any CPU
		{E753D12D-5192-4740-8488-D3E0ED5EDEB4}.Debug|Any CPU.Build.0 = Debug|Any CPU
		{E753D12D-5192-4740-8488-D3E0ED5EDEB4}.Debug|x64.ActiveCfg = Debug|Any CPU
		{E753D12D-5192-4740-8488-D3E0ED5EDEB4}.Debug|x64.Build.0 = Debug|Any CPU
		{E753D12D-5192-4740-8488-D3E0ED5EDEB4}.Release|Any CPU.ActiveCfg = Release|Any CPU
		{E753D12D-5192-4740-8488-D3E0ED5EDEB4}.Release|Any CPU.Build.0 = Release|Any CPU
		{E753D12D-5192-4740-8488-D3E0ED5EDEB4}.Release|x64.ActiveCfg = Release|Any CPU
		{E753D12D-5192-4740-8488-D3E0ED5EDEB4}.Release|x64.Build.0 = Release|Any CPU
		{41BC0171-787B-4888-93FF-13E0AB9B09F6}.Debug|Any CPU.ActiveCfg = Debug|Any CPU
		{41BC0171-787B-4888-93FF-13E0AB9B09F6}.Debug|Any CPU.Build.0 = Debug|Any CPU
		{41BC0171-787B-4888-93FF-13E0AB9B09F6}.Debug|x64.ActiveCfg = Debug|Any CPU
		{41BC0171-787B-4888-93FF-13E0AB9B09F6}.Debug|x64.Build.0 = Debug|Any CPU
		{41BC0171-787B-4888-93FF-13E0AB9B09F6}.Release|Any CPU.ActiveCfg = Release|Any CPU
		{41BC0171-787B-4888-93FF-13E0AB9B09F6}.Release|Any CPU.Build.0 = Release|Any CPU
		{41BC0171-787B-4888-93FF-13E0AB9B09F6}.Release|x64.ActiveCfg = Release|Any CPU
		{41BC0171-787B-4888-93FF-13E0AB9B09F6}.Release|x64.Build.0 = Release|Any CPU
		{BF72DC47-7987-49D9-AB58-E351B39BD84B}.Debug|Any CPU.ActiveCfg = Debug|Any CPU
		{BF72DC47-7987-49D9-AB58-E351B39BD84B}.Debug|Any CPU.Build.0 = Debug|Any CPU
		{BF72DC47-7987-49D9-AB58-E351B39BD84B}.Debug|x64.ActiveCfg = Debug|Any CPU
		{BF72DC47-7987-49D9-AB58-E351B39BD84B}.Debug|x64.Build.0 = Debug|Any CPU
		{BF72DC47-7987-49D9-AB58-E351B39BD84B}.Release|Any CPU.ActiveCfg = Release|Any CPU
		{BF72DC47-7987-49D9-AB58-E351B39BD84B}.Release|Any CPU.Build.0 = Release|Any CPU
		{BF72DC47-7987-49D9-AB58-E351B39BD84B}.Release|x64.ActiveCfg = Release|Any CPU
		{BF72DC47-7987-49D9-AB58-E351B39BD84B}.Release|x64.Build.0 = Release|Any CPU
		{D7CAA949-8475-479E-9679-F06E2FD1C255}.Debug|Any CPU.ActiveCfg = Debug|Any CPU
		{D7CAA949-8475-479E-9679-F06E2FD1C255}.Debug|Any CPU.Build.0 = Debug|Any CPU
		{D7CAA949-8475-479E-9679-F06E2FD1C255}.Debug|x64.ActiveCfg = Debug|Any CPU
		{D7CAA949-8475-479E-9679-F06E2FD1C255}.Debug|x64.Build.0 = Debug|Any CPU
		{D7CAA949-8475-479E-9679-F06E2FD1C255}.Release|Any CPU.ActiveCfg = Release|Any CPU
		{D7CAA949-8475-479E-9679-F06E2FD1C255}.Release|Any CPU.Build.0 = Release|Any CPU
		{D7CAA949-8475-479E-9679-F06E2FD1C255}.Release|x64.ActiveCfg = Release|Any CPU
		{D7CAA949-8475-479E-9679-F06E2FD1C255}.Release|x64.Build.0 = Release|Any CPU
		{7FA09A7E-98AD-4E4E-9C97-CEF0652203F3}.Debug|Any CPU.ActiveCfg = Debug|Any CPU
		{7FA09A7E-98AD-4E4E-9C97-CEF0652203F3}.Debug|Any CPU.Build.0 = Debug|Any CPU
		{7FA09A7E-98AD-4E4E-9C97-CEF0652203F3}.Debug|x64.ActiveCfg = Debug|Any CPU
		{7FA09A7E-98AD-4E4E-9C97-CEF0652203F3}.Debug|x64.Build.0 = Debug|Any CPU
		{7FA09A7E-98AD-4E4E-9C97-CEF0652203F3}.Release|Any CPU.ActiveCfg = Release|Any CPU
		{7FA09A7E-98AD-4E4E-9C97-CEF0652203F3}.Release|Any CPU.Build.0 = Release|Any CPU
		{7FA09A7E-98AD-4E4E-9C97-CEF0652203F3}.Release|x64.ActiveCfg = Release|Any CPU
		{7FA09A7E-98AD-4E4E-9C97-CEF0652203F3}.Release|x64.Build.0 = Release|Any CPU
		{54629188-BD68-4525-875A-1D79C9404936}.Debug|Any CPU.ActiveCfg = Debug|Any CPU
		{54629188-BD68-4525-875A-1D79C9404936}.Debug|Any CPU.Build.0 = Debug|Any CPU
		{54629188-BD68-4525-875A-1D79C9404936}.Debug|x64.ActiveCfg = Debug|Any CPU
		{54629188-BD68-4525-875A-1D79C9404936}.Debug|x64.Build.0 = Debug|Any CPU
		{54629188-BD68-4525-875A-1D79C9404936}.Release|Any CPU.ActiveCfg = Release|Any CPU
		{54629188-BD68-4525-875A-1D79C9404936}.Release|Any CPU.Build.0 = Release|Any CPU
		{54629188-BD68-4525-875A-1D79C9404936}.Release|x64.ActiveCfg = Release|Any CPU
		{54629188-BD68-4525-875A-1D79C9404936}.Release|x64.Build.0 = Release|Any CPU
		{C2695A6C-2EFB-4B25-B443-2A344147ACE7}.Debug|Any CPU.ActiveCfg = Debug|Any CPU
		{C2695A6C-2EFB-4B25-B443-2A344147ACE7}.Debug|Any CPU.Build.0 = Debug|Any CPU
		{C2695A6C-2EFB-4B25-B443-2A344147ACE7}.Debug|x64.ActiveCfg = Debug|Any CPU
		{C2695A6C-2EFB-4B25-B443-2A344147ACE7}.Debug|x64.Build.0 = Debug|Any CPU
		{C2695A6C-2EFB-4B25-B443-2A344147ACE7}.Release|Any CPU.ActiveCfg = Release|Any CPU
		{C2695A6C-2EFB-4B25-B443-2A344147ACE7}.Release|Any CPU.Build.0 = Release|Any CPU
		{C2695A6C-2EFB-4B25-B443-2A344147ACE7}.Release|x64.ActiveCfg = Release|Any CPU
		{C2695A6C-2EFB-4B25-B443-2A344147ACE7}.Release|x64.Build.0 = Release|Any CPU
		{4DA5C89B-D3A0-4757-AA7E-602545BF9C5C}.Debug|Any CPU.ActiveCfg = Debug|Any CPU
		{4DA5C89B-D3A0-4757-AA7E-602545BF9C5C}.Debug|Any CPU.Build.0 = Debug|Any CPU
		{4DA5C89B-D3A0-4757-AA7E-602545BF9C5C}.Debug|x64.ActiveCfg = Debug|Any CPU
		{4DA5C89B-D3A0-4757-AA7E-602545BF9C5C}.Debug|x64.Build.0 = Debug|Any CPU
		{4DA5C89B-D3A0-4757-AA7E-602545BF9C5C}.Release|Any CPU.ActiveCfg = Release|Any CPU
		{4DA5C89B-D3A0-4757-AA7E-602545BF9C5C}.Release|Any CPU.Build.0 = Release|Any CPU
		{4DA5C89B-D3A0-4757-AA7E-602545BF9C5C}.Release|x64.ActiveCfg = Release|Any CPU
		{4DA5C89B-D3A0-4757-AA7E-602545BF9C5C}.Release|x64.Build.0 = Release|Any CPU
	EndGlobalSection
	GlobalSection(SolutionProperties) = preSolution
		HideSolutionNode = FALSE
	EndGlobalSection
	GlobalSection(ExtensibilityGlobals) = postSolution
		SolutionGuid = {3BD3DA08-4CEF-405A-AE41-C8EFF44422D2}
	EndGlobalSection
EndGlobal
